<?xml version="1.0" encoding="UTF-8" standalone="yes" ?>
<CodeBlocks_project_file>
	<FileVersion major="1" minor="6" />
	<Project>
		<Option title="GestorDeSalasDeCine" />
		<Option pch_mode="2" />
		<Option compiler="gcc" />
		<Build>
			<Target title="Debug">
				<Option output="bin/Debug/GestorDeSalasDeCine" prefix_auto="1" extension_auto="1" />
				<Option object_output="obj/Debug/" />
				<Option type="1" />
				<Option compiler="gcc" />
				<Option use_console_runner="0" />
				<Compiler>
					<Add option="-g" />
				</Compiler>
			</Target>
			<Target title="Release">
				<Option output="bin/Release/GestorDeSalasDeCine" prefix_auto="1" extension_auto="1" />
				<Option object_output="obj/Release/" />
				<Option type="1" />
				<Option compiler="gcc" />
				<Compiler>
					<Add option="-O2" />
				</Compiler>
				<Linker>
					<Add option="-s" />
				</Linker>
			</Target>
		</Build>
		<Compiler>
			<Add option="-Wall" />
		</Compiler>
		<Linker>
			<Add library="winmm" />
		</Linker>
		<Unit filename="Esquema.drawio" />
		<Unit filename="GestorDeSalasDeCine.depend" />
		<Unit filename="GestorDeSalasDeCine.layout" />
		<Unit filename="README.md" />
		<Unit filename="UX-UI/08fondoVentana.cpp" />
		<Unit filename="UX-UI/09dibujoMenu.cpp" />
		<Unit filename="contador.txt" />
		<Unit filename="contador_salas.txt" />
		<Unit filename="creditos.cpp" />
		<Unit filename="functions/peliculas/clsPeliculas.cpp" />
		<Unit filename="functions/peliculas/clsPeliculas.h" />
		<Unit filename="functions/peliculas/clsdataPeliculas.cpp" />
		<Unit filename="functions/peliculas/clsdataPeliculas.h" />
		<Unit filename="functions/peliculas/function_persistenciaPeliculas.cpp" />
		<Unit filename="functions/peliculas/function_persistenciaPeliculas.h" />
		<Unit filename="functions/peliculas/peliculas.cpp" />
		<Unit filename="functions/salas/clsSalas.cpp" />
		<Unit filename="functions/salas/clsSalas.h" />
		<Unit filename="functions/salas/clsdataSalas.cpp" />
		<Unit filename="functions/salas/clsdataSalas.h" />
		<Unit filename="functions/salas/funcion/clsFunciones.cpp" />
		<Unit filename="functions/salas/funcion/clsFunciones.h" />
		<Unit filename="functions/salas/funcion/clsdataFuncion.cpp" />
		<Unit filename="functions/salas/funcion/clsdataFuncion.h" />
		<Unit filename="functions/salas/function_persistenciaSalas.cpp" />
		<Unit filename="functions/salas/function_persistenciaSalas.h" />
		<Unit filename="functions/salas/salas.cpp" />
		<Unit filename="functions/ventas/Candy/clsArticulo.cpp" />
		<Unit filename="functions/ventas/Candy/clsArticulo.h" />
		<Unit filename="functions/ventas/Candy/clsCandy.cpp" />
		<Unit filename="functions/ventas/Candy/clsCandy.h" />
		<Unit filename="functions/ventas/Precios/clsPrecios.cpp" />
		<Unit filename="functions/ventas/Precios/clsPrecios.h" />
		<Unit filename="functions/ventas/Precios/clsTarifa.h" />
		<Unit filename="functions/ventas/clsVentas.cpp" />
		<Unit filename="functions/ventas/clsVentas.h" />
		<Unit filename="functions/ventas/clsdetalleVentas.cpp" />
		<Unit filename="functions/ventas/clsdetalleVentas.h" />
		<Unit filename="functions/ventas/clsmaestroVentas.cpp" />
		<Unit filename="functions/ventas/clsmaestroVentas.h" />
		<Unit filename="functions/ventas/ventas.cpp" />
		<Unit filename="main.cpp" />
		<Unit filename="mainHeader.h" />
		<Unit filename="menuGestor.cpp" />
		<Unit filename="peliculas.dat" />
		<Unit filename="rlutil.h" />
		<Unit filename="salas.dat" />
		<Unit filename="salir.cpp" />
		<Unit filename="sounds/Bienvenida.wav" />
		<Unit filename="sounds/keySoundLight.wav" />
		<Unit filename="sounds/keySoundStrong.wav" />
		<Unit filename="utilities/classes/clsFechas.cpp" />
		<Unit filename="utilities/classes/clsFechas.h" />
		<Unit filename="utilities/menuGuardar.cpp" />
		<Unit filename="utilities/rlutil.h" />
		<Extensions>
			<lib_finder disable_auto="1" />
		</Extensions>
	</Project>
</CodeBlocks_project_file>
